// !$*UTF8*$!
{
	archiveVersion = 1;
	classes = {
	};
	objectVersion = 46;
	objects = {

/* Begin PBXBuildFile section */
		70CBD3FA1A71C5EE0011EDFB /* main.m in Sources */ = {isa = PBXBuildFile; fileRef = 70CBD3F91A71C5EE0011EDFB /* main.m */; };
		70CBD3FD1A71C5EE0011EDFB /* AppDelegate.m in Sources */ = {isa = PBXBuildFile; fileRef = 70CBD3FC1A71C5EE0011EDFB /* AppDelegate.m */; };
		70CBD4001A71C5EE0011EDFB /* feverestival2015.xcdatamodeld in Sources */ = {isa = PBXBuildFile; fileRef = 70CBD3FE1A71C5EE0011EDFB /* feverestival2015.xcdatamodeld */; };
		70CBD4031A71C5EE0011EDFB /* ViewController.m in Sources */ = {isa = PBXBuildFile; fileRef = 70CBD4021A71C5EE0011EDFB /* ViewController.m */; };
		70CBD4061A71C5EE0011EDFB /* Main.storyboard in Resources */ = {isa = PBXBuildFile; fileRef = 70CBD4041A71C5EE0011EDFB /* Main.storyboard */; };
		70CBD4081A71C5EE0011EDFB /* Images.xcassets in Resources */ = {isa = PBXBuildFile; fileRef = 70CBD4071A71C5EE0011EDFB /* Images.xcassets */; };
		70CBD40B1A71C5EE0011EDFB /* LaunchScreen.xib in Resources */ = {isa = PBXBuildFile; fileRef = 70CBD4091A71C5EE0011EDFB /* LaunchScreen.xib */; };
		70CBD4171A71C5EE0011EDFB /* feverestival2015Tests.m in Sources */ = {isa = PBXBuildFile; fileRef = 70CBD4161A71C5EE0011EDFB /* feverestival2015Tests.m */; };
		8B22168C895088715C4967FA /* libPods-feverestival2015.a in Frameworks */ = {isa = PBXBuildFile; fileRef = 4EAB911F95D9051FBC8AFB96 /* libPods-feverestival2015.a */; };
/* End PBXBuildFile section */

/* Begin PBXContainerItemProxy section */
		70CBD4111A71C5EE0011EDFB /* PBXContainerItemProxy */ = {
			isa = PBXContainerItemProxy;
			containerPortal = 70CBD3EC1A71C5EE0011EDFB /* Project object */;
			proxyType = 1;
			remoteGlobalIDString = 70CBD3F31A71C5EE0011EDFB;
			remoteInfo = feverestival2015;
		};
/* End PBXContainerItemProxy section */

/* Begin PBXFileReference section */
		3D31BDE661ABCEC7E2205696 /* Pods-feverestival2015.debug.xcconfig */ = {isa = PBXFileReference; includeInIndex = 1; lastKnownFileType = text.xcconfig; name = "Pods-feverestival2015.debug.xcconfig"; path = "Pods/Target Support Files/Pods-feverestival2015/Pods-feverestival2015.debug.xcconfig"; sourceTree = "<group>"; };
		4288C7F0AA3EF74B74F5F935 /* Pods-feverestival2015.release.xcconfig */ = {isa = PBXFileReference; includeInIndex = 1; lastKnownFileType = text.xcconfig; name = "Pods-feverestival2015.release.xcconfig"; path = "Pods/Target Support Files/Pods-feverestival2015/Pods-feverestival2015.release.xcconfig"; sourceTree = "<group>"; };
		4EAB911F95D9051FBC8AFB96 /* libPods-feverestival2015.a */ = {isa = PBXFileReference; explicitFileType = archive.ar; includeInIndex = 0; path = "libPods-feverestival2015.a"; sourceTree = BUILT_PRODUCTS_DIR; };
		70CBD3F41A71C5EE0011EDFB /* feverestival2015.app */ = {isa = PBXFileReference; explicitFileType = wrapper.application; includeInIndex = 0; path = feverestival2015.app; sourceTree = BUILT_PRODUCTS_DIR; };
		70CBD3F81A71C5EE0011EDFB /* Info.plist */ = {isa = PBXFileReference; lastKnownFileType = text.plist.xml; path = Info.plist; sourceTree = "<group>"; };
		70CBD3F91A71C5EE0011EDFB /* main.m */ = {isa = PBXFileReference; lastKnownFileType = sourcecode.c.objc; path = main.m; sourceTree = "<group>"; };
		70CBD3FB1A71C5EE0011EDFB /* AppDelegate.h */ = {isa = PBXFileReference; lastKnownFileType = sourcecode.c.h; path = AppDelegate.h; sourceTree = "<group>"; };
		70CBD3FC1A71C5EE0011EDFB /* AppDelegate.m */ = {isa = PBXFileReference; lastKnownFileType = sourcecode.c.objc; path = AppDelegate.m; sourceTree = "<group>"; };
		70CBD3FF1A71C5EE0011EDFB /* feverestival2015.xcdatamodel */ = {isa = PBXFileReference; lastKnownFileType = wrapper.xcdatamodel; path = feverestival2015.xcdatamodel; sourceTree = "<group>"; };
		70CBD4011A71C5EE0011EDFB /* ViewController.h */ = {isa = PBXFileReference; lastKnownFileType = sourcecode.c.h; path = ViewController.h; sourceTree = "<group>"; };
		70CBD4021A71C5EE0011EDFB /* ViewController.m */ = {isa = PBXFileReference; lastKnownFileType = sourcecode.c.objc; path = ViewController.m; sourceTree = "<group>"; };
		70CBD4051A71C5EE0011EDFB /* Base */ = {isa = PBXFileReference; lastKnownFileType = file.storyboard; name = Base; path = Base.lproj/Main.storyboard; sourceTree = "<group>"; };
		70CBD4071A71C5EE0011EDFB /* Images.xcassets */ = {isa = PBXFileReference; lastKnownFileType = folder.assetcatalog; path = Images.xcassets; sourceTree = "<group>"; };
		70CBD40A1A71C5EE0011EDFB /* Base */ = {isa = PBXFileReference; lastKnownFileType = file.xib; name = Base; path = Base.lproj/LaunchScreen.xib; sourceTree = "<group>"; };
		70CBD4101A71C5EE0011EDFB /* feverestival2015Tests.xctest */ = {isa = PBXFileReference; explicitFileType = wrapper.cfbundle; includeInIndex = 0; path = feverestival2015Tests.xctest; sourceTree = BUILT_PRODUCTS_DIR; };
		70CBD4151A71C5EE0011EDFB /* Info.plist */ = {isa = PBXFileReference; lastKnownFileType = text.plist.xml; path = Info.plist; sourceTree = "<group>"; };
		70CBD4161A71C5EE0011EDFB /* feverestival2015Tests.m */ = {isa = PBXFileReference; lastKnownFileType = sourcecode.c.objc; path = feverestival2015Tests.m; sourceTree = "<group>"; };
/* End PBXFileReference section */

/* Begin PBXFrameworksBuildPhase section */
		70CBD3F11A71C5EE0011EDFB /* Frameworks */ = {
			isa = PBXFrameworksBuildPhase;
			buildActionMask = 2147483647;
			files = (
				8B22168C895088715C4967FA /* libPods-feverestival2015.a in Frameworks */,
			);
			runOnlyForDeploymentPostprocessing = 0;
		};
		70CBD40D1A71C5EE0011EDFB /* Frameworks */ = {
			isa = PBXFrameworksBuildPhase;
			buildActionMask = 2147483647;
			files = (
			);
			runOnlyForDeploymentPostprocessing = 0;
		};
/* End PBXFrameworksBuildPhase section */

/* Begin PBXGroup section */
		22AA8319262F513A6D947EA0 /* Frameworks */ = {
			isa = PBXGroup;
			children = (
				4EAB911F95D9051FBC8AFB96 /* libPods-feverestival2015.a */,
			);
			name = Frameworks;
			sourceTree = "<group>";
		};
		70CBD3EB1A71C5EE0011EDFB = {
			isa = PBXGroup;
			children = (
				70CBD3F61A71C5EE0011EDFB /* feverestival2015 */,
				70CBD4131A71C5EE0011EDFB /* feverestival2015Tests */,
				70CBD3F51A71C5EE0011EDFB /* Products */,
				CACE889F2C47917EE9E7B2FB /* Pods */,
				22AA8319262F513A6D947EA0 /* Frameworks */,
			);
			sourceTree = "<group>";
		};
		70CBD3F51A71C5EE0011EDFB /* Products */ = {
			isa = PBXGroup;
			children = (
				70CBD3F41A71C5EE0011EDFB /* feverestival2015.app */,
				70CBD4101A71C5EE0011EDFB /* feverestival2015Tests.xctest */,
			);
			name = Products;
			sourceTree = "<group>";
		};
		70CBD3F61A71C5EE0011EDFB /* feverestival2015 */ = {
			isa = PBXGroup;
			children = (
				70CBD3FB1A71C5EE0011EDFB /* AppDelegate.h */,
				70CBD3FC1A71C5EE0011EDFB /* AppDelegate.m */,
				70CBD4011A71C5EE0011EDFB /* ViewController.h */,
				70CBD4021A71C5EE0011EDFB /* ViewController.m */,
				70CBD4041A71C5EE0011EDFB /* Main.storyboard */,
				70CBD4071A71C5EE0011EDFB /* Images.xcassets */,
				70CBD4091A71C5EE0011EDFB /* LaunchScreen.xib */,
				70CBD3FE1A71C5EE0011EDFB /* feverestival2015.xcdatamodeld */,
				70CBD3F71A71C5EE0011EDFB /* Supporting Files */,
			);
			path = feverestival2015;
			sourceTree = "<group>";
		};
		70CBD3F71A71C5EE0011EDFB /* Supporting Files */ = {
			isa = PBXGroup;
			children = (
				70CBD3F81A71C5EE0011EDFB /* Info.plist */,
				70CBD3F91A71C5EE0011EDFB /* main.m */,
			);
			name = "Supporting Files";
			sourceTree = "<group>";
		};
		70CBD4131A71C5EE0011EDFB /* feverestival2015Tests */ = {
			isa = PBXGroup;
			children = (
				70CBD4161A71C5EE0011EDFB /* feverestival2015Tests.m */,
				70CBD4141A71C5EE0011EDFB /* Supporting Files */,
			);
			path = feverestival2015Tests;
			sourceTree = "<group>";
		};
		70CBD4141A71C5EE0011EDFB /* Supporting Files */ = {
			isa = PBXGroup;
			children = (
				70CBD4151A71C5EE0011EDFB /* Info.plist */,
			);
			name = "Supporting Files";
			sourceTree = "<group>";
		};
		CACE889F2C47917EE9E7B2FB /* Pods */ = {
			isa = PBXGroup;
			children = (
				3D31BDE661ABCEC7E2205696 /* Pods-feverestival2015.debug.xcconfig */,
				4288C7F0AA3EF74B74F5F935 /* Pods-feverestival2015.release.xcconfig */,
			);
			name = Pods;
			sourceTree = "<group>";
		};
/* End PBXGroup section */

/* Begin PBXNativeTarget section */
		70CBD3F31A71C5EE0011EDFB /* feverestival2015 */ = {
			isa = PBXNativeTarget;
			buildConfigurationList = 70CBD41A1A71C5EE0011EDFB /* Build configuration list for PBXNativeTarget "feverestival2015" */;
			buildPhases = (
				E98C84FCC3717880A1C050AB /* Check Pods Manifest.lock */,
				70CBD3F01A71C5EE0011EDFB /* Sources */,
				70CBD3F11A71C5EE0011EDFB /* Frameworks */,
				70CBD3F21A71C5EE0011EDFB /* Resources */,
				DD2682159FC7A817685D74E9 /* Copy Pods Resources */,
			);
			buildRules = (
			);
			dependencies = (
			);
			name = feverestival2015;
			productName = feverestival2015;
			productReference = 70CBD3F41A71C5EE0011EDFB /* feverestival2015.app */;
			productType = "com.apple.product-type.application";
		};
		70CBD40F1A71C5EE0011EDFB /* feverestival2015Tests */ = {
			isa = PBXNativeTarget;
			buildConfigurationList = 70CBD41D1A71C5EE0011EDFB /* Build configuration list for PBXNativeTarget "feverestival2015Tests" */;
			buildPhases = (
				70CBD40C1A71C5EE0011EDFB /* Sources */,
				70CBD40D1A71C5EE0011EDFB /* Frameworks */,
				70CBD40E1A71C5EE0011EDFB /* Resources */,
			);
			buildRules = (
			);
			dependencies = (
				70CBD4121A71C5EE0011EDFB /* PBXTargetDependency */,
			);
			name = feverestival2015Tests;
			productName = feverestival2015Tests;
			productReference = 70CBD4101A71C5EE0011EDFB /* feverestival2015Tests.xctest */;
			productType = "com.apple.product-type.bundle.unit-test";
		};
/* End PBXNativeTarget section */

/* Begin PBXProject section */
		70CBD3EC1A71C5EE0011EDFB /* Project object */ = {
			isa = PBXProject;
			attributes = {
				LastUpgradeCheck = 0610;
				ORGANIZATIONNAME = "Ricardo Nunes de Miranda";
				TargetAttributes = {
					70CBD3F31A71C5EE0011EDFB = {
						CreatedOnToolsVersion = 6.1.1;
					};
					70CBD40F1A71C5EE0011EDFB = {
						CreatedOnToolsVersion = 6.1.1;
						TestTargetID = 70CBD3F31A71C5EE0011EDFB;
					};
				};
			};
			buildConfigurationList = 70CBD3EF1A71C5EE0011EDFB /* Build configuration list for PBXProject "feverestival2015" */;
			compatibilityVersion = "Xcode 3.2";
			developmentRegion = English;
			hasScannedForEncodings = 0;
			knownRegions = (
				en,
				Base,
			);
			mainGroup = 70CBD3EB1A71C5EE0011EDFB;
			productRefGroup = 70CBD3F51A71C5EE0011EDFB /* Products */;
			projectDirPath = "";
			projectRoot = "";
			targets = (
				70CBD3F31A71C5EE0011EDFB /* feverestival2015 */,
				70CBD40F1A71C5EE0011EDFB /* feverestival2015Tests */,
			);
		};
/* End PBXProject section */

/* Begin PBXResourcesBuildPhase section */
		70CBD3F21A71C5EE0011EDFB /* Resources */ = {
			isa = PBXResourcesBuildPhase;
			buildActionMask = 2147483647;
			files = (
				70CBD4061A71C5EE0011EDFB /* Main.storyboard in Resources */,
				70CBD40B1A71C5EE0011EDFB /* LaunchScreen.xib in Resources */,
				70CBD4081A71C5EE0011EDFB /* Images.xcassets in Resources */,
			);
			runOnlyForDeploymentPostprocessing = 0;
		};
		70CBD40E1A71C5EE0011EDFB /* Resources */ = {
			isa = PBXResourcesBuildPhase;
			buildActionMask = 2147483647;
			files = (
			);
			runOnlyForDeploymentPostprocessing = 0;
		};
/* End PBXResourcesBuildPhase section */

/* Begin PBXShellScriptBuildPhase section */
		DD2682159FC7A817685D74E9 /* Copy Pods Resources */ = {
			isa = PBXShellScriptBuildPhase;
			buildActionMask = 2147483647;
			files = (
			);
			inputPaths = (
			);
			name = "Copy Pods Resources";
			outputPaths = (
			);
			runOnlyForDeploymentPostprocessing = 0;
			shellPath = /bin/sh;
			shellScript = "\"${SRCROOT}/Pods/Target Support Files/Pods-feverestival2015/Pods-feverestival2015-resources.sh\"\n";
			showEnvVarsInLog = 0;
		};
		E98C84FCC3717880A1C050AB /* Check Pods Manifest.lock */ = {
			isa = PBXShellScriptBuildPhase;
			buildActionMask = 2147483647;
			files = (
			);
			inputPaths = (
			);
			name = "Check Pods Manifest.lock";
			outputPaths = (
			);
			runOnlyForDeploymentPostprocessing = 0;
			shellPath = /bin/sh;
			shellScript = "diff \"${PODS_ROOT}/../Podfile.lock\" \"${PODS_ROOT}/Manifest.lock\" > /dev/null\nif [[ $? != 0 ]] ; then\n    cat << EOM\nerror: The sandbox is not in sync with the Podfile.lock. Run 'pod install' or update your CocoaPods installation.\nEOM\n    exit 1\nfi\n";
			showEnvVarsInLog = 0;
		};
/* End PBXShellScriptBuildPhase section */

/* Begin PBXSourcesBuildPhase section */
		70CBD3F01A71C5EE0011EDFB /* Sources */ = {
			isa = PBXSourcesBuildPhase;
			buildActionMask = 2147483647;
			files = (
				70CBD3FD1A71C5EE0011EDFB /* AppDelegate.m in Sources */,
				70CBD3FA1A71C5EE0011EDFB /* main.m in Sources */,
				70CBD4031A71C5EE0011EDFB /* ViewController.m in Sources */,
				70CBD4001A71C5EE0011EDFB /* feverestival2015.xcdatamodeld in Sources */,
			);
			runOnlyForDeploymentPostprocessing = 0;
		};
		70CBD40C1A71C5EE0011EDFB /* Sources */ = {
			isa = PBXSourcesBuildPhase;
			buildActionMask = 2147483647;
			files = (
				70CBD4171A71C5EE0011EDFB /* feverestival2015Tests.m in Sources */,
			);
			runOnlyForDeploymentPostprocessing = 0;
		};
/* End PBXSourcesBuildPhase section */

/* Begin PBXTargetDependency section */
		70CBD4121A71C5EE0011EDFB /* PBXTargetDependency */ = {
			isa = PBXTargetDependency;
			target = 70CBD3F31A71C5EE0011EDFB /* feverestival2015 */;
			targetProxy = 70CBD4111A71C5EE0011EDFB /* PBXContainerItemProxy */;
		};
/* End PBXTargetDependency section */

/* Begin PBXVariantGroup section */
		70CBD4041A71C5EE0011EDFB /* Main.storyboard */ = {
			isa = PBXVariantGroup;
			children = (
				70CBD4051A71C5EE0011EDFB /* Base */,
			);
			name = Main.storyboard;
			sourceTree = "<group>";
		};
		70CBD4091A71C5EE0011EDFB /* LaunchScreen.xib */ = {
			isa = PBXVariantGroup;
			children = (
				70CBD40A1A71C5EE0011EDFB /* Base */,
			);
			name = LaunchScreen.xib;
			sourceTree = "<group>";
		};
/* End PBXVariantGroup section */

/* Begin XCBuildConfiguration section */
		70CBD4181A71C5EE0011EDFB /* Debug */ = {
			isa = XCBuildConfiguration;
			buildSettings = {
				ALWAYS_SEARCH_USER_PATHS = NO;
				CLANG_CXX_LANGUAGE_STANDARD = "gnu++0x";
				CLANG_CXX_LIBRARY = "libc++";
				CLANG_ENABLE_MODULES = YES;
				CLANG_ENABLE_OBJC_ARC = YES;
				CLANG_WARN_BOOL_CONVERSION = YES;
				CLANG_WARN_CONSTANT_CONVERSION = YES;
				CLANG_WARN_DIRECT_OBJC_ISA_USAGE = YES_ERROR;
				CLANG_WARN_EMPTY_BODY = YES;
				CLANG_WARN_ENUM_CONVERSION = YES;
				CLANG_WARN_INT_CONVERSION = YES;
				CLANG_WARN_OBJC_ROOT_CLASS = YES_ERROR;
				CLANG_WARN_UNREACHABLE_CODE = YES;
				CLANG_WARN__DUPLICATE_METHOD_MATCH = YES;
				"CODE_SIGN_IDENTITY[sdk=iphoneos*]" = "iPhone Developer";
				COPY_PHASE_STRIP = NO;
				ENABLE_STRICT_OBJC_MSGSEND = YES;
				GCC_C_LANGUAGE_STANDARD = gnu99;
				GCC_DYNAMIC_NO_PIC = NO;
				GCC_OPTIMIZATION_LEVEL = 0;
				GCC_PREPROCESSOR_DEFINITIONS = (
					"DEBUG=1",
					"$(inherited)",
				);
				GCC_SYMBOLS_PRIVATE_EXTERN = NO;
				GCC_WARN_64_TO_32_BIT_CONVERSION = YES;
				GCC_WARN_ABOUT_RETURN_TYPE = YES_ERROR;
				GCC_WARN_UNDECLARED_SELECTOR = YES;
				GCC_WARN_UNINITIALIZED_AUTOS = YES_AGGRESSIVE;
				GCC_WARN_UNUSED_FUNCTION = YES;
				GCC_WARN_UNUSED_VARIABLE = YES;
				IPHONEOS_DEPLOYMENT_TARGET = 8.1;
				MTL_ENABLE_DEBUG_INFO = YES;
				ONLY_ACTIVE_ARCH = YES;
				SDKROOT = iphoneos;
				TARGETED_DEVICE_FAMILY = "1,2";
			};
			name = Debug;
		};
		70CBD4191A71C5EE0011EDFB /* Release */ = {
			isa = XCBuildConfiguration;
			buildSettings = {
				ALWAYS_SEARCH_USER_PATHS = NO;
				CLANG_CXX_LANGUAGE_STANDARD = "gnu++0x";
				CLANG_CXX_LIBRARY = "libc++";
				CLANG_ENABLE_MODULES = YES;
				CLANG_ENABLE_OBJC_ARC = YES;
				CLANG_WARN_BOOL_CONVERSION = YES;
				CLANG_WARN_CONSTANT_CONVERSION = YES;
				CLANG_WARN_DIRECT_OBJC_ISA_USAGE = YES_ERROR;
				CLANG_WARN_EMPTY_BODY = YES;
				CLANG_WARN_ENUM_CONVERSION = YES;
				CLANG_WARN_INT_CONVERSION = YES;
				CLANG_WARN_OBJC_ROOT_CLASS = YES_ERROR;
				CLANG_WARN_UNREACHABLE_CODE = YES;
				CLANG_WARN__DUPLICATE_METHOD_MATCH = YES;
				"CODE_SIGN_IDENTITY[sdk=iphoneos*]" = "iPhone Developer";
				COPY_PHASE_STRIP = YES;
				ENABLE_NS_ASSERTIONS = NO;
				ENABLE_STRICT_OBJC_MSGSEND = YES;
				GCC_C_LANGUAGE_STANDARD = gnu99;
				GCC_WARN_64_TO_32_BIT_CONVERSION = YES;
				GCC_WARN_ABOUT_RETURN_TYPE = YES_ERROR;
				GCC_WARN_UNDECLARED_SELECTOR = YES;
				GCC_WARN_UNINITIALIZED_AUTOS = YES_AGGRESSIVE;
				GCC_WARN_UNUSED_FUNCTION = YES;
				GCC_WARN_UNUSED_VARIABLE = YES;
				IPHONEOS_DEPLOYMENT_TARGET = 8.1;
				MTL_ENABLE_DEBUG_INFO = NO;
				SDKROOT = iphoneos;
				TARGETED_DEVICE_FAMILY = "1,2";
				VALIDATE_PRODUCT = YES;
			};
			name = Release;
		};
		70CBD41B1A71C5EE0011EDFB /* Debug */ = {
			isa = XCBuildConfiguration;
			baseConfigurationReference = 3D31BDE661ABCEC7E2205696 /* Pods-feverestival2015.debug.xcconfig */;
			buildSettings = {
				ASSETCATALOG_COMPILER_APPICON_NAME = AppIcon;
				INFOPLIST_FILE = feverestival2015/Info.plist;
				LD_RUNPATH_SEARCH_PATHS = "$(inherited) @executable_path/Frameworks";
				PRODUCT_NAME = "$(TARGET_NAME)";
			};
			name = Debug;
		};
		70CBD41C1A71C5EE0011EDFB /* Release */ = {
			isa = XCBuildConfiguration;
			baseConfigurationReference = 4288C7F0AA3EF74B74F5F935 /* Pods-feverestival2015.release.xcconfig */;
			buildSettings = {
				ASSETCATALOG_COMPILER_APPICON_NAME = AppIcon;
				INFOPLIST_FILE = feverestival2015/Info.plist;
				LD_RUNPATH_SEARCH_PATHS = "$(inherited) @executable_path/Frameworks";
				PRODUCT_NAME = "$(TARGET_NAME)";
			};
			name = Release;
		};
		70CBD41E1A71C5EE0011EDFB /* Debug */ = {
			isa = XCBuildConfiguration;
			buildSettings = {
				BUNDLE_LOADER = "$(TEST_HOST)";
				FRAMEWORK_SEARCH_PATHS = (
					"$(SDKROOT)/Developer/Library/Frameworks",
					"$(inherited)",
				);
				GCC_PREPROCESSOR_DEFINITIONS = (
					"DEBUG=1",
					"$(inherited)",
				);
				INFOPLIST_FILE = feverestival2015Tests/Info.plist;
				LD_RUNPATH_SEARCH_PATHS = "$(inherited) @executable_path/Frameworks @loader_path/Frameworks";
				PRODUCT_NAME = "$(TARGET_NAME)";
				TEST_HOST = "$(BUILT_PRODUCTS_DIR)/feverestival2015.app/feverestival2015";
			};
			name = Debug;
		};
		70CBD41F1A71C5EE0011EDFB /* Release */ = {
			isa = XCBuildConfiguration;
			buildSettings = {
				BUNDLE_LOADER = "$(TEST_HOST)";
				FRAMEWORK_SEARCH_PATHS = (
					"$(SDKROOT)/Developer/Library/Frameworks",
					"$(inherited)",
				);
				INFOPLIST_FILE = feverestival2015Tests/Info.plist;
				LD_RUNPATH_SEARCH_PATHS = "$(inherited) @executable_path/Frameworks @loader_path/Frameworks";
				PRODUCT_NAME = "$(TARGET_NAME)";
				TEST_HOST = "$(BUILT_PRODUCTS_DIR)/feverestival2015.app/feverestival2015";
			};
			name = Release;
		};
/* End XCBuildConfiguration section */

/* Begin XCConfigurationList section */
		70CBD3EF1A71C5EE0011EDFB /* Build configuration list for PBXProject "feverestival2015" */ = {
			isa = XCConfigurationList;
			buildConfigurations = (
				70CBD4181A71C5EE0011EDFB /* Debug */,
				70CBD4191A71C5EE0011EDFB /* Release */,
			);
			defaultConfigurationIsVisible = 0;
			defaultConfigurationName = Release;
		};
		70CBD41A1A71C5EE0011EDFB /* Build configuration list for PBXNativeTarget "feverestival2015" */ = {
			isa = XCConfigurationList;
			buildConfigurations = (
				70CBD41B1A71C5EE0011EDFB /* Debug */,
				70CBD41C1A71C5EE0011EDFB /* Release */,
			);
			defaultConfigurationIsVisible = 0;
			defaultConfigurationName = Release;
		};
		70CBD41D1A71C5EE0011EDFB /* Build configuration list for PBXNativeTarget "feverestival2015Tests" */ = {
			isa = XCConfigurationList;
			buildConfigurations = (
				70CBD41E1A71C5EE0011EDFB /* Debug */,
				70CBD41F1A71C5EE0011EDFB /* Release */,
			);
			defaultConfigurationIsVisible = 0;
			defaultConfigurationName = Release;
		};
/* End XCConfigurationList section */

/* Begin XCVersionGroup section */
		70CBD3FE1A71C5EE0011EDFB /* feverestival2015.xcdatamodeld */ = {
			isa = XCVersionGroup;
			children = (
				70CBD3FF1A71C5EE0011EDFB /* feverestival2015.xcdatamodel */,
			);
			currentVersion = 70CBD3FF1A71C5EE0011EDFB /* feverestival2015.xcdatamodel */;
			path = feverestival2015.xcdatamodeld;
			sourceTree = "<group>";
			versionGroupType = wrapper.xcdatamodel;
		};
/* End XCVersionGroup section */
	};
	rootObject = 70CBD3EC1A71C5EE0011EDFB /* Project object */;
}
